dependencies:
- name: notify
  repository: ""
  version: 0.1.0
- name: sso
  repository: ""
  version: 0.1.0
- name: rustfs
  repository: ""
  version: 0.1.0
- name: blob
  repository: ""
  version: 0.1.0
- name: gateway
  repository: ""
  version: 0.1.0
- name: configcenter
  repository: ""
  version: 0.1.0
- name: otel-collector
  repository: ""
  version: 0.1.0
- name: mysql
  repository: ""
  version: 0.1.0
- name: redis
  repository: ""
  version: 0.1.0
- name: etcd
  repository: ""
  version: 0.1.0
digest: sha256:e341df46689019b9bc1ea91b8d71a12d1c470660cea5e70d06c1183d99cb04b3
generated: "2026-05-13T12:38:32.08517239+01:00"
