dependencies:
- name: notify
  repository: ""
  version: 0.1.0
- name: sso
  repository: ""
  version: 0.1.0
- name: rustfs
  repository: ""
  version: 0.1.0
- name: blob
  repository: ""
  version: 0.1.0
- name: gateway
  repository: ""
  version: 0.1.0
- name: configcenter
  repository: ""
  version: 0.1.0
- name: otel-collector
  repository: ""
  version: 0.1.0
digest: sha256:5d80882d266a88afd4501642652c87940f1674f7666d1a69f7e3ec880a79ab2c
generated: "2026-05-13T12:28:51.054028877+01:00"
