dependencies:
- name: notify
  repository: ""
  version: 0.1.0
- name: sso
  repository: ""
  version: 0.1.0
- name: rustfs
  repository: ""
  version: 0.1.0
- name: blob
  repository: ""
  version: 0.1.0
- name: gateway
  repository: ""
  version: 0.1.0
digest: sha256:ae958fbd823d9b705d818d0adf874c578de39516a05ea7751b4365272cd65093
generated: "2026-05-13T11:14:26.823215633+01:00"
