dependencies:
- name: notify
  repository: ""
  version: 0.1.0
- name: sso
  repository: ""
  version: 0.1.0
- name: rustfs
  repository: ""
  version: 0.1.0
- name: blob
  repository: ""
  version: 0.1.0
- name: gateway
  repository: ""
  version: 0.1.0
- name: configcenter
  repository: ""
  version: 0.1.0
- name: otel-collector
  repository: ""
  version: 0.1.0
- name: mysql
  repository: ""
  version: 0.1.0
digest: sha256:10537e5ffb3504ba0915760873af8ebe412ce71bb26e87d2bf6082c616f29dca
generated: "2026-05-13T12:33:10.429134572+01:00"
