{
  "lockfile_version": "1",
  "packages": {
    "git-cliff@2.11.0": {
      "last_modified": "2025-12-31T03:27:36Z",
      "resolved": "github:NixOS/nixpkgs/f665af0cdb70ed27e1bd8f9fdfecaf451260fc55#git-cliff",
      "source": "devbox-search",
      "version": "2.11.0",
      "systems": {
        "aarch64-darwin": {
          "outputs": [
            {
              "name": "out",
              "path": "/nix/store/188kddgfalnliycpyrmhqvwsmcvxwvnz-git-cliff-2.11.0",
              "default": true
            }
          ],
          "store_path": "/nix/store/188kddgfalnliycpyrmhqvwsmcvxwvnz-git-cliff-2.11.0"
        },
        "aarch64-linux": {
          "outputs": [
            {
              "name": "out",
              "path": "/nix/store/nd9n0zlhnwc7jjybfq34wbwsn229ldzi-git-cliff-2.11.0",
              "default": true
            }
          ],
          "store_path": "/nix/store/nd9n0zlhnwc7jjybfq34wbwsn229ldzi-git-cliff-2.11.0"
        },
        "x86_64-darwin": {
          "outputs": [
            {
              "name": "out",
              "path": "/nix/store/8vmab71n8db9y5j1x3k9xzvn7q7n80bj-git-cliff-2.11.0",
              "default": true
            }
          ],
          "store_path": "/nix/store/8vmab71n8db9y5j1x3k9xzvn7q7n80bj-git-cliff-2.11.0"
        },
        "x86_64-linux": {
          "outputs": [
            {
              "name": "out",
              "path": "/nix/store/bl3kwa6yq6955vkwvpb14rlqkfyjwbg2-git-cliff-2.11.0",
              "default": true
            }
          ],
          "store_path": "/nix/store/bl3kwa6yq6955vkwvpb14rlqkfyjwbg2-git-cliff-2.11.0"
        }
      }
    },
    "github:NixOS/nixpkgs/nixpkgs-unstable": {
      "resolved": "github:NixOS/nixpkgs/1750f3c1c89488e2ffdd47cab9d05454dddfb734?lastModified=1742800061&narHash=sha256-oDJGK1UMArK52vcW9S5S2apeec4rbfNELgc50LqiPNs%3D"
    },
    "go@1.24.1": {
      "last_modified": "2025-12-31T03:27:36Z",
      "resolved": "github:NixOS/nixpkgs/f665af0cdb70ed27e1bd8f9fdfecaf451260fc55#go_1_24",
      "source": "devbox-search",
      "version": "1.24.11",
      "systems": {
        "aarch64-darwin": {
          "outputs": [
            {
              "name": "out",
              "path": "/nix/store/578hklrqp7m9qcyckdfiqn3h4jjzcfhp-go-1.24.11",
              "default": true
            }
          ],
          "store_path": "/nix/store/578hklrqp7m9qcyckdfiqn3h4jjzcfhp-go-1.24.11"
        },
        "aarch64-linux": {
          "outputs": [
            {
              "name": "out",
              "path": "/nix/store/fjlsdkrkl0nhy8g8ik8g0qzzmb47jdif-go-1.24.11",
              "default": true
            }
          ],
          "store_path": "/nix/store/fjlsdkrkl0nhy8g8ik8g0qzzmb47jdif-go-1.24.11"
        },
        "x86_64-darwin": {
          "outputs": [
            {
              "name": "out",
              "path": "/nix/store/y43mjk58zc9nqin7ynmmbf38vhrfrzcy-go-1.24.11",
              "default": true
            }
          ],
          "store_path": "/nix/store/y43mjk58zc9nqin7ynmmbf38vhrfrzcy-go-1.24.11"
        },
        "x86_64-linux": {
          "outputs": [
            {
              "name": "out",
              "path": "/nix/store/136f119dyim8an9n369k7k47bbkp4am1-go-1.24.11",
              "default": true
            }
          ],
          "store_path": "/nix/store/136f119dyim8an9n369k7k47bbkp4am1-go-1.24.11"
        }
      }
    },
    "golangci-lint@2.8.0": {
      "last_modified": "2026-01-09T13:41:53Z",
      "resolved": "github:NixOS/nixpkgs/5f02c91314c8ba4afe83b256b023756412218535#golangci-lint",
      "source": "devbox-search",
      "version": "2.8.0",
      "systems": {
        "aarch64-darwin": {
          "outputs": [
            {
              "name": "out",
              "path": "/nix/store/b9iv68qcms160wlni9xn56s81cvqksgf-golangci-lint-2.8.0",
              "default": true
            }
          ],
          "store_path": "/nix/store/b9iv68qcms160wlni9xn56s81cvqksgf-golangci-lint-2.8.0"
        },
        "aarch64-linux": {
          "outputs": [
            {
              "name": "out",
              "path": "/nix/store/1yzy8ajvs3wj009j7al87hm6n0zwjd40-golangci-lint-2.8.0",
              "default": true
            }
          ],
          "store_path": "/nix/store/1yzy8ajvs3wj009j7al87hm6n0zwjd40-golangci-lint-2.8.0"
        },
        "x86_64-darwin": {
          "outputs": [
            {
              "name": "out",
              "path": "/nix/store/k17d2y5alkdd3p03haik3a3ksfaxh1fj-golangci-lint-2.8.0",
              "default": true
            }
          ],
          "store_path": "/nix/store/k17d2y5alkdd3p03haik3a3ksfaxh1fj-golangci-lint-2.8.0"
        },
        "x86_64-linux": {
          "outputs": [
            {
              "name": "out",
              "path": "/nix/store/643gpb6qyxjl9lcrfr8gvfck2rj9zabd-golangci-lint-2.8.0",
              "default": true
            }
          ],
          "store_path": "/nix/store/643gpb6qyxjl9lcrfr8gvfck2rj9zabd-golangci-lint-2.8.0"
        }
      }
    },
    "just@latest": {
      "last_modified": "2026-04-06T08:39:25Z",
      "resolved": "github:NixOS/nixpkgs/83e29f2b8791f6dec20804382fcd9a666d744c07#just",
      "source": "devbox-search",
      "version": "1.49.0",
      "systems": {
        "aarch64-darwin": {
          "outputs": [
            {
              "name": "out",
              "path": "/nix/store/3ppl78czibxlxv105jf0rr64j577pr4m-just-1.49.0",
              "default": true
            },
            {
              "name": "man",
              "path": "/nix/store/ak601qc8jlqgry365b2qkxf6bwf9prk2-just-1.49.0-man",
              "default": true
            },
            {
              "name": "doc",
              "path": "/nix/store/85nkcgs1npazz9vv5py7fsmsd0pwi4fq-just-1.49.0-doc"
            }
          ],
          "store_path": "/nix/store/3ppl78czibxlxv105jf0rr64j577pr4m-just-1.49.0"
        },
        "aarch64-linux": {
          "outputs": [
            {
              "name": "out",
              "path": "/nix/store/g3pd2f4889gj7ww75cnwhdmwhpirlwn0-just-1.49.0",
              "default": true
            },
            {
              "name": "man",
              "path": "/nix/store/xki5ypl7rn4z3rv4phc8p67jr0i7qjx4-just-1.49.0-man",
              "default": true
            },
            {
              "name": "doc",
              "path": "/nix/store/8frnfmjxfx5j6s6nm07f1gql65rnp4ca-just-1.49.0-doc"
            }
          ],
          "store_path": "/nix/store/g3pd2f4889gj7ww75cnwhdmwhpirlwn0-just-1.49.0"
        },
        "x86_64-darwin": {
          "outputs": [
            {
              "name": "out",
              "path": "/nix/store/3rq5pfm34isbxlh7ip39ynj5czf2fypi-just-1.49.0",
              "default": true
            },
            {
              "name": "man",
              "path": "/nix/store/n84l71d8z4kbcd8aw4ms9hvg8xsx1vz8-just-1.49.0-man",
              "default": true
            },
            {
              "name": "doc",
              "path": "/nix/store/g5393z3mjgv4cp41wzr295cssh8bc2d0-just-1.49.0-doc"
            }
          ],
          "store_path": "/nix/store/3rq5pfm34isbxlh7ip39ynj5czf2fypi-just-1.49.0"
        },
        "x86_64-linux": {
          "outputs": [
            {
              "name": "out",
              "path": "/nix/store/y07l22fq8wvg4wdf6anb0s6cljmsfs73-just-1.49.0",
              "default": true
            },
            {
              "name": "man",
              "path": "/nix/store/hrhxhkyhafrp0rkpcfr2qhvyl2y6fc2i-just-1.49.0-man",
              "default": true
            },
            {
              "name": "doc",
              "path": "/nix/store/npllcp9kp3m79hff6mzlbzpyys0z3jd7-just-1.49.0-doc"
            }
          ],
          "store_path": "/nix/store/y07l22fq8wvg4wdf6anb0s6cljmsfs73-just-1.49.0"
        }
      }
    },
    "kind@0.31.0": {
      "last_modified": "2025-12-27T03:48:10Z",
      "resolved": "github:NixOS/nixpkgs/4eec65df50d796a8fd9c146a09b5007916ce376b#kind",
      "source": "devbox-search",
      "version": "0.31.0",
      "systems": {
        "aarch64-darwin": {
          "outputs": [
            {
              "name": "out",
              "path": "/nix/store/0481jp5p025qg4w6nvgljf5dfnjv7zp5-kind-0.31.0",
              "default": true
            }
          ],
          "store_path": "/nix/store/0481jp5p025qg4w6nvgljf5dfnjv7zp5-kind-0.31.0"
        },
        "aarch64-linux": {
          "outputs": [
            {
              "name": "out",
              "path": "/nix/store/44rwlgmi57xkkrb359wbj2xzrsaclqfv-kind-0.31.0",
              "default": true
            }
          ],
          "store_path": "/nix/store/44rwlgmi57xkkrb359wbj2xzrsaclqfv-kind-0.31.0"
        },
        "x86_64-darwin": {
          "outputs": [
            {
              "name": "out",
              "path": "/nix/store/xdp8sz4jj8fg97aq3kngm7zj775hs9il-kind-0.31.0",
              "default": true
            }
          ],
          "store_path": "/nix/store/xdp8sz4jj8fg97aq3kngm7zj775hs9il-kind-0.31.0"
        },
        "x86_64-linux": {
          "outputs": [
            {
              "name": "out",
              "path": "/nix/store/m5zqwjnaymrfvgylvvsvppq1qz69zlam-kind-0.31.0",
              "default": true
            }
          ],
          "store_path": "/nix/store/m5zqwjnaymrfvgylvvsvppq1qz69zlam-kind-0.31.0"
        }
      }
    },
    "kubectl@1.34.1": {
      "last_modified": "2025-11-15T07:28:48Z",
      "resolved": "github:NixOS/nixpkgs/1d4c88323ac36805d09657d13a5273aea1b34f0c#kubectl",
      "source": "devbox-search",
      "version": "1.34.1",
      "systems": {
        "aarch64-darwin": {
          "outputs": [
            {
              "name": "out",
              "path": "/nix/store/b6ysyxc73z9h1y2cw10l8hnr6193c1lm-kubectl-1.34.1",
              "default": true
            },
            {
              "name": "man",
              "path": "/nix/store/50lkrmajszgi05dljdxhnzhzhpiqm7ja-kubectl-1.34.1-man",
              "default": true
            },
            {
              "name": "convert",
              "path": "/nix/store/s3i31vr01qbjpizfdi9hma8zhy9bzrnb-kubectl-1.34.1-convert"
            }
          ],
          "store_path": "/nix/store/b6ysyxc73z9h1y2cw10l8hnr6193c1lm-kubectl-1.34.1"
        },
        "aarch64-linux": {
          "outputs": [
            {
              "name": "out",
              "path": "/nix/store/ihxrlm5fmx48wr5pijl32q2fli4j9656-kubectl-1.34.1",
              "default": true
            },
            {
              "name": "man",
              "path": "/nix/store/qbw5rz6v9d749gl86m5sglcjs1d8kg32-kubectl-1.34.1-man",
              "default": true
            },
            {
              "name": "convert",
              "path": "/nix/store/4igvxipyj1yzw4ncgp4008mmcwxkszbc-kubectl-1.34.1-convert"
            }
          ],
          "store_path": "/nix/store/ihxrlm5fmx48wr5pijl32q2fli4j9656-kubectl-1.34.1"
        },
        "x86_64-darwin": {
          "outputs": [
            {
              "name": "out",
              "path": "/nix/store/fscf4zksnm1hakwi1rnhh4mi677484gi-kubectl-1.34.1",
              "default": true
            },
            {
              "name": "man",
              "path": "/nix/store/5dqgjrhn2y12qxgr8lywqcp62bm38532-kubectl-1.34.1-man",
              "default": true
            },
            {
              "name": "convert",
              "path": "/nix/store/imsx4fi4l9p0xj9zz32491lyxbmik2cv-kubectl-1.34.1-convert"
            }
          ],
          "store_path": "/nix/store/fscf4zksnm1hakwi1rnhh4mi677484gi-kubectl-1.34.1"
        },
        "x86_64-linux": {
          "outputs": [
            {
              "name": "out",
              "path": "/nix/store/4dqxinvhlmlgg6hfp7wghv3rq5y375mp-kubectl-1.34.1",
              "default": true
            },
            {
              "name": "man",
              "path": "/nix/store/hldhp2vblr9xgw4nznk9s88cwk19laim-kubectl-1.34.1-man",
              "default": true
            },
            {
              "name": "convert",
              "path": "/nix/store/247bns0aahfq9icz8v8smjs017nw8n42-kubectl-1.34.1-convert"
            }
          ],
          "store_path": "/nix/store/4dqxinvhlmlgg6hfp7wghv3rq5y375mp-kubectl-1.34.1"
        }
      }
    },
    "kubectx@0.9.5": {
      "last_modified": "2025-12-31T03:27:36Z",
      "resolved": "github:NixOS/nixpkgs/f665af0cdb70ed27e1bd8f9fdfecaf451260fc55#kubectx",
      "source": "devbox-search",
      "version": "0.9.5",
      "systems": {
        "aarch64-darwin": {
          "outputs": [
            {
              "name": "out",
              "path": "/nix/store/rswzwxmz4mjcgnnl1gx4wahhy6v5f2h0-kubectx-0.9.5",
              "default": true
            }
          ],
          "store_path": "/nix/store/rswzwxmz4mjcgnnl1gx4wahhy6v5f2h0-kubectx-0.9.5"
        },
        "aarch64-linux": {
          "outputs": [
            {
              "name": "out",
              "path": "/nix/store/dczil2qyhh8byqkj9hybly6kcwfkkzx5-kubectx-0.9.5",
              "default": true
            }
          ],
          "store_path": "/nix/store/dczil2qyhh8byqkj9hybly6kcwfkkzx5-kubectx-0.9.5"
        },
        "x86_64-darwin": {
          "outputs": [
            {
              "name": "out",
              "path": "/nix/store/7hhmv3vxlpi1ffl3l5psmq1mw633v1q1-kubectx-0.9.5",
              "default": true
            }
          ],
          "store_path": "/nix/store/7hhmv3vxlpi1ffl3l5psmq1mw633v1q1-kubectx-0.9.5"
        },
        "x86_64-linux": {
          "outputs": [
            {
              "name": "out",
              "path": "/nix/store/xsg88zhwaxrsg8gd8h9dbnwi512bpy6d-kubectx-0.9.5",
              "default": true
            }
          ],
          "store_path": "/nix/store/xsg88zhwaxrsg8gd8h9dbnwi512bpy6d-kubectx-0.9.5"
        }
      }
    },
    "kubernetes-helm@3.19.1": {
      "last_modified": "2025-12-31T03:27:36Z",
      "resolved": "github:NixOS/nixpkgs/f665af0cdb70ed27e1bd8f9fdfecaf451260fc55#kubernetes-helm",
      "source": "devbox-search",
      "version": "3.19.1",
      "systems": {
        "aarch64-darwin": {
          "outputs": [
            {
              "name": "out",
              "path": "/nix/store/8p5hwk87jkd26w6lmj7ma0f5qdi9i7fb-kubernetes-helm-3.19.1",
              "default": true
            }
          ],
          "store_path": "/nix/store/8p5hwk87jkd26w6lmj7ma0f5qdi9i7fb-kubernetes-helm-3.19.1"
        },
        "aarch64-linux": {
          "outputs": [
            {
              "name": "out",
              "path": "/nix/store/z773dqh5w017a1c6jhzlqcnq6ivwwjz9-kubernetes-helm-3.19.1",
              "default": true
            }
          ],
          "store_path": "/nix/store/z773dqh5w017a1c6jhzlqcnq6ivwwjz9-kubernetes-helm-3.19.1"
        },
        "x86_64-darwin": {
          "outputs": [
            {
              "name": "out",
              "path": "/nix/store/m5wzcpj7yfdkv9za53d2hv81m3zxy745-kubernetes-helm-3.19.1",
              "default": true
            }
          ],
          "store_path": "/nix/store/m5wzcpj7yfdkv9za53d2hv81m3zxy745-kubernetes-helm-3.19.1"
        },
        "x86_64-linux": {
          "outputs": [
            {
              "name": "out",
              "path": "/nix/store/rv448bzmz78z9vqvgy92428ybjp0nxzi-kubernetes-helm-3.19.1",
              "default": true
            }
          ],
          "store_path": "/nix/store/rv448bzmz78z9vqvgy92428ybjp0nxzi-kubernetes-helm-3.19.1"
        }
      }
    },
    "lefthook@2.0.12": {
      "last_modified": "2025-12-19T06:18:24Z",
      "resolved": "github:NixOS/nixpkgs/7d853e518814cca2a657b72eeba67ae20ebf7059#lefthook",
      "source": "devbox-search",
      "version": "2.0.12",
      "systems": {
        "aarch64-darwin": {
          "outputs": [
            {
              "name": "out",
              "path": "/nix/store/9qiyia9l1ksqjb8mxdw9bqz0ah6013kx-lefthook-2.0.12",
              "default": true
            }
          ],
          "store_path": "/nix/store/9qiyia9l1ksqjb8mxdw9bqz0ah6013kx-lefthook-2.0.12"
        },
        "aarch64-linux": {
          "outputs": [
            {
              "name": "out",
              "path": "/nix/store/dhqmpwbsajcj1b7xk4chy16mhqy7l8d9-lefthook-2.0.12",
              "default": true
            }
          ],
          "store_path": "/nix/store/dhqmpwbsajcj1b7xk4chy16mhqy7l8d9-lefthook-2.0.12"
        },
        "x86_64-darwin": {
          "outputs": [
            {
              "name": "out",
              "path": "/nix/store/zxcv17i5f64p3nsy6bbxi14n1xgvkhnx-lefthook-2.0.12",
              "default": true
            }
          ],
          "store_path": "/nix/store/zxcv17i5f64p3nsy6bbxi14n1xgvkhnx-lefthook-2.0.12"
        },
        "x86_64-linux": {
          "outputs": [
            {
              "name": "out",
              "path": "/nix/store/v4fzk9xm5dz562j0jjg5a1149mma27hi-lefthook-2.0.12",
              "default": true
            }
          ],
          "store_path": "/nix/store/v4fzk9xm5dz562j0jjg5a1149mma27hi-lefthook-2.0.12"
        }
      }
    },
    "ruff@0.14.11": {
      "last_modified": "2026-01-13T11:13:53Z",
      "resolved": "github:NixOS/nixpkgs/61db79b0c6b838d9894923920b612048e1201926#ruff",
      "source": "devbox-search",
      "version": "0.14.11",
      "systems": {
        "aarch64-darwin": {
          "outputs": [
            {
              "name": "out",
              "path": "/nix/store/ps9w5iln7r6qr9shvqla67x5f4xdajji-ruff-0.14.11",
              "default": true
            }
          ],
          "store_path": "/nix/store/ps9w5iln7r6qr9shvqla67x5f4xdajji-ruff-0.14.11"
        },
        "aarch64-linux": {
          "outputs": [
            {
              "name": "out",
              "path": "/nix/store/2wwsv93y09djqjiy7bilas27mbcl9l67-ruff-0.14.11",
              "default": true
            }
          ],
          "store_path": "/nix/store/2wwsv93y09djqjiy7bilas27mbcl9l67-ruff-0.14.11"
        },
        "x86_64-darwin": {
          "outputs": [
            {
              "name": "out",
              "path": "/nix/store/0fbscsbr47xlc98qj4miqqkykf4rqy1k-ruff-0.14.11",
              "default": true
            }
          ],
          "store_path": "/nix/store/0fbscsbr47xlc98qj4miqqkykf4rqy1k-ruff-0.14.11"
        },
        "x86_64-linux": {
          "outputs": [
            {
              "name": "out",
              "path": "/nix/store/y2795h3zv6yx5vha4dhjmdpx41cm1vkn-ruff-0.14.11",
              "default": true
            }
          ],
          "store_path": "/nix/store/y2795h3zv6yx5vha4dhjmdpx41cm1vkn-ruff-0.14.11"
        }
      }
    },
    "skaffold@2.13.2": {
      "last_modified": "2025-02-07T11:26:36Z",
      "resolved": "github:NixOS/nixpkgs/d98abf5cf5914e5e4e9d57205e3af55ca90ffc1d#skaffold",
      "source": "devbox-search",
      "version": "2.13.2",
      "systems": {
        "aarch64-darwin": {
          "outputs": [
            {
              "name": "out",
              "path": "/nix/store/1jy4pagknwdaxqc5xfdhx3xyq75r55nr-skaffold-2.13.2",
              "default": true
            }
          ],
          "store_path": "/nix/store/1jy4pagknwdaxqc5xfdhx3xyq75r55nr-skaffold-2.13.2"
        },
        "aarch64-linux": {
          "outputs": [
            {
              "name": "out",
              "path": "/nix/store/2nnxbly7rb4c5i8frcc6m1ar2492zs1f-skaffold-2.13.2",
              "default": true
            }
          ],
          "store_path": "/nix/store/2nnxbly7rb4c5i8frcc6m1ar2492zs1f-skaffold-2.13.2"
        },
        "x86_64-darwin": {
          "outputs": [
            {
              "name": "out",
              "path": "/nix/store/v6q8sgfww15mi3r5v2mwv4p77maqkb8v-skaffold-2.13.2",
              "default": true
            }
          ],
          "store_path": "/nix/store/v6q8sgfww15mi3r5v2mwv4p77maqkb8v-skaffold-2.13.2"
        },
        "x86_64-linux": {
          "outputs": [
            {
              "name": "out",
              "path": "/nix/store/0zri8smpm4hw46caxhs1jjsjnxrywd30-skaffold-2.13.2",
              "default": true
            }
          ],
          "store_path": "/nix/store/0zri8smpm4hw46caxhs1jjsjnxrywd30-skaffold-2.13.2"
        }
      }
    },
    "uv@0.9.24": {
      "last_modified": "2026-01-11T16:44:50Z",
      "resolved": "github:NixOS/nixpkgs/4d113fe1f7bb454435a5cabae6cd283e64191bb7#uv",
      "source": "devbox-search",
      "version": "0.9.24",
      "systems": {
        "aarch64-darwin": {
          "outputs": [
            {
              "name": "out",
              "path": "/nix/store/777dpfbn54c1wmwj1nsiffn1s3ffccin-uv-0.9.24",
              "default": true
            }
          ],
          "store_path": "/nix/store/777dpfbn54c1wmwj1nsiffn1s3ffccin-uv-0.9.24"
        },
        "aarch64-linux": {
          "outputs": [
            {
              "name": "out",
              "path": "/nix/store/c2mxi65yh8yrqd2a712y2yiccawgcd7k-uv-0.9.24",
              "default": true
            }
          ],
          "store_path": "/nix/store/c2mxi65yh8yrqd2a712y2yiccawgcd7k-uv-0.9.24"
        },
        "x86_64-darwin": {
          "outputs": [
            {
              "name": "out",
              "path": "/nix/store/0m610v9987j9h8cdfmvs3s92h07hrp3m-uv-0.9.24",
              "default": true
            }
          ],
          "store_path": "/nix/store/0m610v9987j9h8cdfmvs3s92h07hrp3m-uv-0.9.24"
        },
        "x86_64-linux": {
          "outputs": [
            {
              "name": "out",
              "path": "/nix/store/cl0zldpnlc6k0f4jkl41vh977y4m13bq-uv-0.9.24",
              "default": true
            }
          ],
          "store_path": "/nix/store/cl0zldpnlc6k0f4jkl41vh977y4m13bq-uv-0.9.24"
        }
      }
    }
  }
}
